
Microsoft Visual Studio Solution File, Format Version 12.00
# Visual Studio Version 17
VisualStudioVersion = 17.10.34902.84
MinimumVisualStudioVersion = 10.0.40219.1
Project("{FAE04EC0-301F-11D3-BF4B-00C04F79EFBC}") = "MudBlazorTemplate", "MudBlazorTemplate\MudBlazorTemplate.csproj", "{57F7C075-ADF2-44EB-9E88-54C699F0D2B4}"
EndProject
Global
	GlobalSection(SolutionConfigurationPlatforms) = preSolution
		Debug|Any CPU = Debug|Any CPU
		Release|Any CPU = Release|Any CPU
	EndGlobalSection
	GlobalSection(ProjectConfigurationPlatforms) = postSolution
		{57F7C075-ADF2-44EB-9E88-54C699F0D2B4}.Debug|Any CPU.ActiveCfg = Debug|Any CPU
		{57F7C075-ADF2-44EB-9E88-54C699F0D2B4}.Debug|Any CPU.Build.0 = Debug|Any CPU
		{57F7C075-ADF2-44EB-9E88-54C699F0D2B4}.Release|Any CPU.ActiveCfg = Release|Any CPU
		{57F7C075-ADF2-44EB-9E88-54C699F0D2B4}.Release|Any CPU.Build.0 = Release|Any CPU
	EndGlobalSection
	GlobalSection(SolutionProperties) = preSolution
		HideSolutionNode = FALSE
	EndGlobalSection
	GlobalSection(ExtensibilityGlobals) = postSolution
		SolutionGuid = {0944156B-0AEA-4902-B8DD-333A75675C91}
	EndGlobalSection
EndGlobal
